[command]/home/runner/work/_temp/4a9e43fe-7dca-4173-8e46-81ed493a3f54/terraform-bin plan -out plan.out
[0m[1mdata.aws_caller_identity.current: Reading...[0m[0m
[0m[1mdata.aws_region.current: Reading...[0m[0m
[0m[1mdata.aws_region.current: Read complete after 0s [id=us-east-1][0m
[0m[1mdata.aws_caller_identity.current: Read complete after 0s [id=942705247267][0m
[0m[1maws_s3_bucket.this: Refreshing state... [id=aschemann-gitops-sample-942705247267-us-east-1][0m
[0m[1maws_s3_object_copy.this: Refreshing state... [id=index.html][0m
[0m[1maws_s3_bucket_versioning.this: Refreshing state... [id=aschemann-gitops-sample-942705247267-us-east-1][0m
[0m[1maws_s3_bucket_policy.bucket_policy: Refreshing state... [id=aschemann-gitops-sample-942705247267-us-east-1][0m
[0m[1maws_s3_bucket_acl.this: Refreshing state... [id=aschemann-gitops-sample-942705247267-us-east-1,public-read][0m
[0m[1maws_s3_bucket_website_configuration.this: Refreshing state... [id=aschemann-gitops-sample-942705247267-us-east-1][0m

Terraform used the selected providers to generate the following execution
plan. Resource actions are indicated with the following symbols:
  [33m~[0m update in-place
[31m-[0m/[32m+[0m destroy and then create replacement
 [36m<=[0m read (data resources)
[0m
Terraform will perform the following actions:

[1m  # data.aws_iam_policy_document.bucket_policy[0m will be read during apply[0m
  # (depends on a resource or a module with changes pending)[0m
[0m [36m<=[0m[0m data "aws_iam_policy_document" "bucket_policy" {
      [32m+[0m [0m[1m[0mid[0m[0m   = (known after apply)
      [32m+[0m [0m[1m[0mjson[0m[0m = (known after apply)

      [32m+[0m [0mstatement {
          [32m+[0m [0m[1m[0mactions[0m[0m   = [
              [32m+[0m [0m"s3:GetObject",
            ]
          [32m+[0m [0m[1m[0meffect[0m[0m    = "Allow"
          [32m+[0m [0m[1m[0mresources[0m[0m = [
              [32m+[0m [0m"arn:aws:s3:::aschemann-gitops-sample-942705247267-us-east-1/*",
            ]

          [32m+[0m [0mprincipals {
              [32m+[0m [0m[1m[0midentifiers[0m[0m = [
                  [32m+[0m [0m"*",
                ]
              [32m+[0m [0m[1m[0mtype[0m[0m        = "AWS"
            }
        }
    }

[1m  # aws_s3_bucket.this[0m will be updated in-place[0m[0m
[0m  [33m~[0m[0m resource "aws_s3_bucket" "this" {
        [1m[0mid[0m[0m                          = "aschemann-gitops-sample-942705247267-us-east-1"
      [33m~[0m [0m[1m[0mtags[0m[0m                        = {
          [33m~[0m [0m"Version"    = "init" [33m->[0m [0m"v1"
            [90m# (1 unchanged element hidden)[0m[0m
        }
      [33m~[0m [0m[1m[0mtags_all[0m[0m                    = {
          [33m~[0m [0m"Version"    = "init" [33m->[0m [0m"v1"
            [90m# (1 unchanged element hidden)[0m[0m
        }
        [90m# (12 unchanged attributes hidden)[0m[0m

        [90m# (4 unchanged blocks hidden)[0m[0m
    }

[1m  # aws_s3_bucket_policy.bucket_policy[0m will be updated in-place[0m[0m
[0m  [33m~[0m[0m resource "aws_s3_bucket_policy" "bucket_policy" {
        [1m[0mid[0m[0m     = "aschemann-gitops-sample-942705247267-us-east-1"
      [33m~[0m [0m[1m[0mpolicy[0m[0m = jsonencode(
            {
              [31m-[0m [0mStatement = [
                  [31m-[0m [0m{
                      [31m-[0m [0mAction    = "s3:GetObject"
                      [31m-[0m [0mEffect    = "Allow"
                      [31m-[0m [0mPrincipal = {
                          [31m-[0m [0mAWS = "*"
                        }
                      [31m-[0m [0mResource  = "arn:aws:s3:::aschemann-gitops-sample-942705247267-us-east-1/*"
                      [31m-[0m [0mSid       = ""
                    },
                ]
              [31m-[0m [0mVersion   = "2012-10-17"
            }
        ) [33m->[0m [0m(known after apply)
        [90m# (1 unchanged attribute hidden)[0m[0m
    }

[1m  # aws_s3_object_copy.this[0m must be [1m[31mreplaced[0m[0m
[0m[31m-[0m/[32m+[0m[0m resource "aws_s3_object_copy" "this" {
      [33m~[0m [0m[1m[0mbucket_key_enabled[0m[0m            = false [33m->[0m [0m(known after apply)
      [32m+[0m [0m[1m[0mcache_control[0m[0m                 = (known after apply)
      [32m+[0m [0m[1m[0mcontent_disposition[0m[0m           = (known after apply)
      [32m+[0m [0m[1m[0mcontent_encoding[0m[0m              = (known after apply)
      [32m+[0m [0m[1m[0mcontent_language[0m[0m              = (known after apply)
      [32m+[0m [0m[1m[0mcustomer_algorithm[0m[0m            = (known after apply)
      [32m+[0m [0m[1m[0mcustomer_key_md5[0m[0m              = (known after apply)
      [33m~[0m [0m[1m[0metag[0m[0m                          = "d672355be6d1eb67bff88afbeb71f89f" [33m->[0m [0m(known after apply)
      [32m+[0m [0m[1m[0mexpiration[0m[0m                    = (known after apply)
      [33m~[0m [0m[1m[0mid[0m[0m                            = "index.html" [33m->[0m [0m(known after apply)
      [32m+[0m [0m[1m[0mkms_encryption_context[0m[0m        = (sensitive value)
      [32m+[0m [0m[1m[0mkms_key_id[0m[0m                    = (sensitive value)
      [33m~[0m [0m[1m[0mlast_modified[0m[0m                 = "2022-10-03T15:51:17Z" [33m->[0m [0m(known after apply)
      [33m~[0m [0m[1m[0mmetadata[0m[0m                      = {} [33m->[0m [0m(known after apply)
      [32m+[0m [0m[1m[0mobject_lock_legal_hold_status[0m[0m = (known after apply)
      [32m+[0m [0m[1m[0mobject_lock_mode[0m[0m              = (known after apply)
      [32m+[0m [0m[1m[0mobject_lock_retain_until_date[0m[0m = (known after apply)
      [33m~[0m [0m[1m[0mrequest_charged[0m[0m               = false [33m->[0m [0m(known after apply)
      [32m+[0m [0m[1m[0mserver_side_encryption[0m[0m        = (known after apply)
      [33m~[0m [0m[1m[0msource[0m[0m                        = "aschemann-gitops-sample-repository-942705247267-us-east-1/index-init.html" [33m->[0m [0m"aschemann-gitops-sample-repository-942705247267-us-east-1/index-v1.html" [31m# forces replacement[0m[0m
      [33m~[0m [0m[1m[0msource_version_id[0m[0m             = "cZ4FSCa1OFl3430xCdvdqqhIZ0elSmmx" [33m->[0m [0m(known after apply)
      [33m~[0m [0m[1m[0mstorage_class[0m[0m                 = "STANDARD" [33m->[0m [0m(known after apply)
      [31m-[0m [0m[1m[0mtags[0m[0m                          = {} [90m->[0m [0m[90mnull[0m[0m
      [33m~[0m [0m[1m[0mtags_all[0m[0m                      = {} [33m->[0m [0m(known after apply)
      [33m~[0m [0m[1m[0mversion_id[0m[0m                    = "2lK7BumrHc95_mhXCoHG.B799.uY7uRO" [33m->[0m [0m(known after apply)
      [32m+[0m [0m[1m[0mwebsite_redirect[0m[0m              = (known after apply)
        [90m# (5 unchanged attributes hidden)[0m[0m
    }

[0m[1mPlan:[0m 1 to add, 2 to change, 1 to destroy.
[0m[90m
─────────────────────────────────────────────────────────────────────────────[0m

Saved the plan to: plan.out

To perform exactly these actions, run the following command to apply:
    terraform apply "plan.out"
::debug::Terraform exited with code 0.
::debug::stdout: [0m[1mdata.aws_caller_identity.current: Reading...[0m[0m%0A[0m[1mdata.aws_region.current: Reading...[0m[0m%0A[0m[1mdata.aws_region.current: Read complete after 0s [id=us-east-1][0m%0A[0m[1mdata.aws_caller_identity.current: Read complete after 0s [id=942705247267][0m%0A[0m[1maws_s3_bucket.this: Refreshing state... [id=aschemann-gitops-sample-942705247267-us-east-1][0m%0A[0m[1maws_s3_object_copy.this: Refreshing state... [id=index.html][0m%0A[0m[1maws_s3_bucket_versioning.this: Refreshing state... [id=aschemann-gitops-sample-942705247267-us-east-1][0m%0A[0m[1maws_s3_bucket_policy.bucket_policy: Refreshing state... [id=aschemann-gitops-sample-942705247267-us-east-1][0m%0A[0m[1maws_s3_bucket_acl.this: Refreshing state... [id=aschemann-gitops-sample-942705247267-us-east-1,public-read][0m%0A[0m[1maws_s3_bucket_website_configuration.this: Refreshing state... [id=aschemann-gitops-sample-942705247267-us-east-1][0m%0A%0ATerraform used the selected providers to generate the following execution%0Aplan. Resource actions are indicated with the following symbols:%0A  [33m~[0m update in-place%0A[31m-[0m/[32m+[0m destroy and then create replacement%0A [36m<=[0m read (data resources)%0A[0m%0ATerraform will perform the following actions:%0A%0A[1m  # data.aws_iam_policy_document.bucket_policy[0m will be read during apply[0m%0A  # (depends on a resource or a module with changes pending)[0m%0A[0m [36m<=[0m[0m data "aws_iam_policy_document" "bucket_policy" {%0A      [32m+[0m [0m[1m[0mid[0m[0m   = (known after apply)%0A      [32m+[0m [0m[1m[0mjson[0m[0m = (known after apply)%0A%0A      [32m+[0m [0mstatement {%0A          [32m+[0m [0m[1m[0mactions[0m[0m   = [%0A              [32m+[0m [0m"s3:GetObject",%0A            ]%0A          [32m+[0m [0m[1m[0meffect[0m[0m    = "Allow"%0A          [32m+[0m [0m[1m[0mresources[0m[0m = [%0A              [32m+[0m [0m"arn:aws:s3:::aschemann-gitops-sample-942705247267-us-east-1/*",%0A            ]%0A%0A          [32m+[0m [0mprincipals {%0A              [32m+[0m [0m[1m[0midentifiers[0m[0m = [%0A                  [32m+[0m [0m"*",%0A                ]%0A              [32m+[0m [0m[1m[0mtype[0m[0m        = "AWS"%0A            }%0A        }%0A    }%0A%0A[1m  # aws_s3_bucket.this[0m will be updated in-place[0m[0m%0A[0m  [33m~[0m[0m resource "aws_s3_bucket" "this" {%0A        [1m[0mid[0m[0m                          = "aschemann-gitops-sample-942705247267-us-east-1"%0A      [33m~[0m [0m[1m[0mtags[0m[0m                        = {%0A          [33m~[0m [0m"Version"    = "init" [33m->[0m [0m"v1"%0A            [90m# (1 unchanged element hidden)[0m[0m%0A        }%0A      [33m~[0m [0m[1m[0mtags_all[0m[0m                    = {%0A          [33m~[0m [0m"Version"    = "init" [33m->[0m [0m"v1"%0A            [90m# (1 unchanged element hidden)[0m[0m%0A        }%0A        [90m# (12 unchanged attributes hidden)[0m[0m%0A%0A        [90m# (4 unchanged blocks hidden)[0m[0m%0A    }%0A%0A[1m  # aws_s3_bucket_policy.bucket_policy[0m will be updated in-place[0m[0m%0A[0m  [33m~[0m[0m resource "aws_s3_bucket_policy" "bucket_policy" {%0A        [1m[0mid[0m[0m     = "aschemann-gitops-sample-942705247267-us-east-1"%0A      [33m~[0m [0m[1m[0mpolicy[0m[0m = jsonencode(%0A            {%0A              [31m-[0m [0mStatement = [%0A                  [31m-[0m [0m{%0A                      [31m-[0m [0mAction    = "s3:GetObject"%0A                      [31m-[0m [0mEffect    = "Allow"%0A                      [31m-[0m [0mPrincipal = {%0A                          [31m-[0m [0mAWS = "*"%0A                        }%0A                      [31m-[0m [0mResource  = "arn:aws:s3:::aschemann-gitops-sample-942705247267-us-east-1/*"%0A                      [31m-[0m [0mSid       = ""%0A                    },%0A                ]%0A              [31m-[0m [0mVersion   = "2012-10-17"%0A            }%0A        ) [33m->[0m [0m(known after apply)%0A        [90m# (1 unchanged attribute hidden)[0m[0m%0A    }%0A%0A[1m  # aws_s3_object_copy.this[0m must be [1m[31mreplaced[0m[0m%0A[0m[31m-[0m/[32m+[0m[0m resource "aws_s3_object_copy" "this" {%0A      [33m~[0m [0m[1m[0mbucket_key_enabled[0m[0m            = false [33m->[0m [0m(known after apply)%0A      [32m+[0m [0m[1m[0mcache_control[0m[0m                 = (known after apply)%0A      [32m+[0m [0m[1m[0mcontent_disposition[0m[0m           = (known after apply)%0A      [32m+[0m [0m[1m[0mcontent_encoding[0m[0m              = (known after apply)%0A      [32m+[0m [0m[1m[0mcontent_language[0m[0m              = (known after apply)%0A      [32m+[0m [0m[1m[0mcustomer_algorithm[0m[0m            = (known after apply)%0A      [32m+[0m [0m[1m[0mcustomer_key_md5[0m[0m              = (known after apply)%0A      [33m~[0m [0m[1m[0metag[0m[0m                          = "d672355be6d1eb67bff88afbeb71f89f" [33m->[0m [0m(known after apply)%0A      [32m+[0m [0m[1m[0mexpiration[0m[0m                    = (known after apply)%0A      [33m~[0m [0m[1m[0mid[0m[0m                            = "index.html" [33m->[0m [0m(known after apply)%0A      [32m+[0m [0m[1m[0mkms_encryption_context[0m[0m        = (sensitive value)%0A      [32m+[0m [0m[1m[0mkms_key_id[0m[0m                    = (sensitive value)%0A      [33m~[0m [0m[1m[0mlast_modified[0m[0m                 = "2022-10-03T15:51:17Z" [33m->[0m [0m(known after apply)%0A      [33m~[0m [0m[1m[0mmetadata[0m[0m                      = {} [33m->[0m [0m(known after apply)%0A      [32m+[0m [0m[1m[0mobject_lock_legal_hold_status[0m[0m = (known after apply)%0A      [32m+[0m [0m[1m[0mobject_lock_mode[0m[0m              = (known after apply)%0A      [32m+[0m [0m[1m[0mobject_lock_retain_until_date[0m[0m = (known after apply)%0A      [33m~[0m [0m[1m[0mrequest_charged[0m[0m               = false [33m->[0m [0m(known after apply)%0A      [32m+[0m [0m[1m[0mserver_side_encryption[0m[0m        = (known after apply)%0A      [33m~[0m [0m[1m[0msource[0m[0m                        = "aschemann-gitops-sample-repository-942705247267-us-east-1/index-init.html" [33m->[0m [0m"aschemann-gitops-sample-repository-942705247267-us-east-1/index-v1.html" [31m# forces replacement[0m[0m%0A      [33m~[0m [0m[1m[0msource_version_id[0m[0m             = "cZ4FSCa1OFl3430xCdvdqqhIZ0elSmmx" [33m->[0m [0m(known after apply)%0A      [33m~[0m [0m[1m[0mstorage_class[0m[0m                 = "STANDARD" [33m->[0m [0m(known after apply)%0A      [31m-[0m [0m[1m[0mtags[0m[0m                          = {} [90m->[0m [0m[90mnull[0m[0m%0A      [33m~[0m [0m[1m[0mtags_all[0m[0m                      = {} [33m->[0m [0m(known after apply)%0A      [33m~[0m [0m[1m[0mversion_id[0m[0m                    = "2lK7BumrHc95_mhXCoHG.B799.uY7uRO" [33m->[0m [0m(known after apply)%0A      [32m+[0m [0m[1m[0mwebsite_redirect[0m[0m              = (known after apply)%0A        [90m# (5 unchanged attributes hidden)[0m[0m%0A    }%0A%0A[0m[1mPlan:[0m 1 to add, 2 to change, 1 to destroy.%0A[0m[90m%0A─────────────────────────────────────────────────────────────────────────────[0m%0A%0ASaved the plan to: plan.out%0A%0ATo perform exactly these actions, run the following command to apply:%0A    terraform apply "plan.out"%0A
::debug::stderr: 
::debug::exitcode: 0

::set-output name=stdout::[0m[1mdata.aws_caller_identity.current: Reading...[0m[0m%0A[0m[1mdata.aws_region.current: Reading...[0m[0m%0A[0m[1mdata.aws_region.current: Read complete after 0s [id=us-east-1][0m%0A[0m[1mdata.aws_caller_identity.current: Read complete after 0s [id=942705247267][0m%0A[0m[1maws_s3_bucket.this: Refreshing state... [id=aschemann-gitops-sample-942705247267-us-east-1][0m%0A[0m[1maws_s3_object_copy.this: Refreshing state... [id=index.html][0m%0A[0m[1maws_s3_bucket_versioning.this: Refreshing state... [id=aschemann-gitops-sample-942705247267-us-east-1][0m%0A[0m[1maws_s3_bucket_policy.bucket_policy: Refreshing state... [id=aschemann-gitops-sample-942705247267-us-east-1][0m%0A[0m[1maws_s3_bucket_acl.this: Refreshing state... [id=aschemann-gitops-sample-942705247267-us-east-1,public-read][0m%0A[0m[1maws_s3_bucket_website_configuration.this: Refreshing state... [id=aschemann-gitops-sample-942705247267-us-east-1][0m%0A%0ATerraform used the selected providers to generate the following execution%0Aplan. Resource actions are indicated with the following symbols:%0A  [33m~[0m update in-place%0A[31m-[0m/[32m+[0m destroy and then create replacement%0A [36m<=[0m read (data resources)%0A[0m%0ATerraform will perform the following actions:%0A%0A[1m  # data.aws_iam_policy_document.bucket_policy[0m will be read during apply[0m%0A  # (depends on a resource or a module with changes pending)[0m%0A[0m [36m<=[0m[0m data "aws_iam_policy_document" "bucket_policy" {%0A      [32m+[0m [0m[1m[0mid[0m[0m   = (known after apply)%0A      [32m+[0m [0m[1m[0mjson[0m[0m = (known after apply)%0A%0A      [32m+[0m [0mstatement {%0A          [32m+[0m [0m[1m[0mactions[0m[0m   = [%0A              [32m+[0m [0m"s3:GetObject",%0A            ]%0A          [32m+[0m [0m[1m[0meffect[0m[0m    = "Allow"%0A          [32m+[0m [0m[1m[0mresources[0m[0m = [%0A              [32m+[0m [0m"arn:aws:s3:::aschemann-gitops-sample-942705247267-us-east-1/*",%0A            ]%0A%0A          [32m+[0m [0mprincipals {%0A              [32m+[0m [0m[1m[0midentifiers[0m[0m = [%0A                  [32m+[0m [0m"*",%0A                ]%0A              [32m+[0m [0m[1m[0mtype[0m[0m        = "AWS"%0A            }%0A        }%0A    }%0A%0A[1m  # aws_s3_bucket.this[0m will be updated in-place[0m[0m%0A[0m  [33m~[0m[0m resource "aws_s3_bucket" "this" {%0A        [1m[0mid[0m[0m                          = "aschemann-gitops-sample-942705247267-us-east-1"%0A      [33m~[0m [0m[1m[0mtags[0m[0m                        = {%0A          [33m~[0m [0m"Version"    = "init" [33m->[0m [0m"v1"%0A            [90m# (1 unchanged element hidden)[0m[0m%0A        }%0A      [33m~[0m [0m[1m[0mtags_all[0m[0m                    = {%0A          [33m~[0m [0m"Version"    = "init" [33m->[0m [0m"v1"%0A            [90m# (1 unchanged element hidden)[0m[0m%0A        }%0A        [90m# (12 unchanged attributes hidden)[0m[0m%0A%0A        [90m# (4 unchanged blocks hidden)[0m[0m%0A    }%0A%0A[1m  # aws_s3_bucket_policy.bucket_policy[0m will be updated in-place[0m[0m%0A[0m  [33m~[0m[0m resource "aws_s3_bucket_policy" "bucket_policy" {%0A        [1m[0mid[0m[0m     = "aschemann-gitops-sample-942705247267-us-east-1"%0A      [33m~[0m [0m[1m[0mpolicy[0m[0m = jsonencode(%0A            {%0A              [31m-[0m [0mStatement = [%0A                  [31m-[0m [0m{%0A                      [31m-[0m [0mAction    = "s3:GetObject"%0A                      [31m-[0m [0mEffect    = "Allow"%0A                      [31m-[0m [0mPrincipal = {%0A                          [31m-[0m [0mAWS = "*"%0A                        }%0A                      [31m-[0m [0mResource  = "arn:aws:s3:::aschemann-gitops-sample-942705247267-us-east-1/*"%0A                      [31m-[0m [0mSid       = ""%0A                    },%0A                ]%0A              [31m-[0m [0mVersion   = "2012-10-17"%0A            }%0A        ) [33m->[0m [0m(known after apply)%0A        [90m# (1 unchanged attribute hidden)[0m[0m%0A    }%0A%0A[1m  # aws_s3_object_copy.this[0m must be [1m[31mreplaced[0m[0m%0A[0m[31m-[0m/[32m+[0m[0m resource "aws_s3_object_copy" "this" {%0A      [33m~[0m [0m[1m[0mbucket_key_enabled[0m[0m            = false [33m->[0m [0m(known after apply)%0A      [32m+[0m [0m[1m[0mcache_control[0m[0m                 = (known after apply)%0A      [32m+[0m [0m[1m[0mcontent_disposition[0m[0m           = (known after apply)%0A      [32m+[0m [0m[1m[0mcontent_encoding[0m[0m              = (known after apply)%0A      [32m+[0m [0m[1m[0mcontent_language[0m[0m              = (known after apply)%0A      [32m+[0m [0m[1m[0mcustomer_algorithm[0m[0m            = (known after apply)%0A      [32m+[0m [0m[1m[0mcustomer_key_md5[0m[0m              = (known after apply)%0A      [33m~[0m [0m[1m[0metag[0m[0m                          = "d672355be6d1eb67bff88afbeb71f89f" [33m->[0m [0m(known after apply)%0A      [32m+[0m [0m[1m[0mexpiration[0m[0m                    = (known after apply)%0A      [33m~[0m [0m[1m[0mid[0m[0m                            = "index.html" [33m->[0m [0m(known after apply)%0A      [32m+[0m [0m[1m[0mkms_encryption_context[0m[0m        = (sensitive value)%0A      [32m+[0m [0m[1m[0mkms_key_id[0m[0m                    = (sensitive value)%0A      [33m~[0m [0m[1m[0mlast_modified[0m[0m                 = "2022-10-03T15:51:17Z" [33m->[0m [0m(known after apply)%0A      [33m~[0m [0m[1m[0mmetadata[0m[0m                      = {} [33m->[0m [0m(known after apply)%0A      [32m+[0m [0m[1m[0mobject_lock_legal_hold_status[0m[0m = (known after apply)%0A      [32m+[0m [0m[1m[0mobject_lock_mode[0m[0m              = (known after apply)%0A      [32m+[0m [0m[1m[0mobject_lock_retain_until_date[0m[0m = (known after apply)%0A      [33m~[0m [0m[1m[0mrequest_charged[0m[0m               = false [33m->[0m [0m(known after apply)%0A      [32m+[0m [0m[1m[0mserver_side_encryption[0m[0m        = (known after apply)%0A      [33m~[0m [0m[1m[0msource[0m[0m                        = "aschemann-gitops-sample-repository-942705247267-us-east-1/index-init.html" [33m->[0m [0m"aschemann-gitops-sample-repository-942705247267-us-east-1/index-v1.html" [31m# forces replacement[0m[0m%0A      [33m~[0m [0m[1m[0msource_version_id[0m[0m             = "cZ4FSCa1OFl3430xCdvdqqhIZ0elSmmx" [33m->[0m [0m(known after apply)%0A      [33m~[0m [0m[1m[0mstorage_class[0m[0m                 = "STANDARD" [33m->[0m [0m(known after apply)%0A      [31m-[0m [0m[1m[0mtags[0m[0m                          = {} [90m->[0m [0m[90mnull[0m[0m%0A      [33m~[0m [0m[1m[0mtags_all[0m[0m                      = {} [33m->[0m [0m(known after apply)%0A      [33m~[0m [0m[1m[0mversion_id[0m[0m                    = "2lK7BumrHc95_mhXCoHG.B799.uY7uRO" [33m->[0m [0m(known after apply)%0A      [32m+[0m [0m[1m[0mwebsite_redirect[0m[0m              = (known after apply)%0A        [90m# (5 unchanged attributes hidden)[0m[0m%0A    }%0A%0A[0m[1mPlan:[0m 1 to add, 2 to change, 1 to destroy.%0A[0m[90m%0A─────────────────────────────────────────────────────────────────────────────[0m%0A%0ASaved the plan to: plan.out%0A%0ATo perform exactly these actions, run the following command to apply:%0A    terraform apply "plan.out"%0A

::set-output name=stderr::

::set-output name=exitcode::0
