[command]/home/runner/work/_temp/c0acd617-39da-4af8-bf1b-263b8394cbc4/terraform-bin plan -out plan.out -no-color
data.aws_region.current: Reading...
data.aws_caller_identity.current: Reading...
data.aws_region.current: Read complete after 0s [id=us-east-1]
data.aws_caller_identity.current: Read complete after 0s [id=942705247267]

Terraform used the selected providers to generate the following execution
plan. Resource actions are indicated with the following symbols:
  + create
 <= read (data resources)

Terraform will perform the following actions:

  # data.aws_iam_policy_document.bucket_policy will be read during apply
  # (config refers to values not yet known)
 <= data "aws_iam_policy_document" "bucket_policy" {
      + id   = (known after apply)
      + json = (known after apply)

      + statement {
          + actions   = [
              + "s3:GetObject",
            ]
          + effect    = "Allow"
          + resources = [
              + (known after apply),
            ]

          + principals {
              + identifiers = [
                  + "*",
                ]
              + type        = "AWS"
            }
        }
    }

  # aws_s3_bucket.this will be created
  + resource "aws_s3_bucket" "this" {
      + acceleration_status         = (known after apply)
      + acl                         = (known after apply)
      + arn                         = (known after apply)
      + bucket                      = "aschemann-gitops-sample-942705247267-test-us-east-1"
      + bucket_domain_name          = (known after apply)
      + bucket_regional_domain_name = (known after apply)
      + force_destroy               = false
      + hosted_zone_id              = (known after apply)
      + id                          = (known after apply)
      + object_lock_enabled         = (known after apply)
      + policy                      = (known after apply)
      + region                      = (known after apply)
      + request_payer               = (known after apply)
      + tags                        = {
          + "Git-Commit" = "unknown"
          + "Version"    = "init"
        }
      + tags_all                    = {
          + "Git-Commit" = "unknown"
          + "Version"    = "init"
        }
      + website_domain              = (known after apply)
      + website_endpoint            = (known after apply)

      + cors_rule {
          + allowed_headers = (known after apply)
          + allowed_methods = (known after apply)
          + allowed_origins = (known after apply)
          + expose_headers  = (known after apply)
          + max_age_seconds = (known after apply)
        }

      + grant {
          + id          = (known after apply)
          + permissions = (known after apply)
          + type        = (known after apply)
          + uri         = (known after apply)
        }

      + lifecycle_rule {
          + abort_incomplete_multipart_upload_days = (known after apply)
          + enabled                                = (known after apply)
          + id                                     = (known after apply)
          + prefix                                 = (known after apply)
          + tags                                   = (known after apply)

          + expiration {
              + date                         = (known after apply)
              + days                         = (known after apply)
              + expired_object_delete_marker = (known after apply)
            }

          + noncurrent_version_expiration {
              + days = (known after apply)
            }

          + noncurrent_version_transition {
              + days          = (known after apply)
              + storage_class = (known after apply)
            }

          + transition {
              + date          = (known after apply)
              + days          = (known after apply)
              + storage_class = (known after apply)
            }
        }

      + logging {
          + target_bucket = (known after apply)
          + target_prefix = (known after apply)
        }

      + object_lock_configuration {
          + object_lock_enabled = (known after apply)

          + rule {
              + default_retention {
                  + days  = (known after apply)
                  + mode  = (known after apply)
                  + years = (known after apply)
                }
            }
        }

      + replication_configuration {
          + role = (known after apply)

          + rules {
              + delete_marker_replication_status = (known after apply)
              + id                               = (known after apply)
              + prefix                           = (known after apply)
              + priority                         = (known after apply)
              + status                           = (known after apply)

              + destination {
                  + account_id         = (known after apply)
                  + bucket             = (known after apply)
                  + replica_kms_key_id = (known after apply)
                  + storage_class      = (known after apply)

                  + access_control_translation {
                      + owner = (known after apply)
                    }

                  + metrics {
                      + minutes = (known after apply)
                      + status  = (known after apply)
                    }

                  + replication_time {
                      + minutes = (known after apply)
                      + status  = (known after apply)
                    }
                }

              + filter {
                  + prefix = (known after apply)
                  + tags   = (known after apply)
                }

              + source_selection_criteria {
                  + sse_kms_encrypted_objects {
                      + enabled = (known after apply)
                    }
                }
            }
        }

      + server_side_encryption_configuration {
          + rule {
              + bucket_key_enabled = (known after apply)

              + apply_server_side_encryption_by_default {
                  + kms_master_key_id = (known after apply)
                  + sse_algorithm     = (known after apply)
                }
            }
        }

      + versioning {
          + enabled    = (known after apply)
          + mfa_delete = (known after apply)
        }

      + website {
          + error_document           = (known after apply)
          + index_document           = (known after apply)
          + redirect_all_requests_to = (known after apply)
          + routing_rules            = (known after apply)
        }
    }

  # aws_s3_bucket_acl.this will be created
  + resource "aws_s3_bucket_acl" "this" {
      + acl    = "public-read"
      + bucket = (known after apply)
      + id     = (known after apply)

      + access_control_policy {
          + grant {
              + permission = (known after apply)

              + grantee {
                  + display_name  = (known after apply)
                  + email_address = (known after apply)
                  + id            = (known after apply)
                  + type          = (known after apply)
                  + uri           = (known after apply)
                }
            }

          + owner {
              + display_name = (known after apply)
              + id           = (known after apply)
            }
        }
    }

  # aws_s3_bucket_policy.bucket_policy will be created
  + resource "aws_s3_bucket_policy" "bucket_policy" {
      + bucket = (known after apply)
      + id     = (known after apply)
      + policy = (known after apply)
    }

  # aws_s3_bucket_versioning.this will be created
  + resource "aws_s3_bucket_versioning" "this" {
      + bucket = (known after apply)
      + id     = (known after apply)

      + versioning_configuration {
          + mfa_delete = (known after apply)
          + status     = "Enabled"
        }
    }

  # aws_s3_bucket_website_configuration.this will be created
  + resource "aws_s3_bucket_website_configuration" "this" {
      + bucket           = (known after apply)
      + id               = (known after apply)
      + routing_rules    = (known after apply)
      + website_domain   = (known after apply)
      + website_endpoint = (known after apply)

      + index_document {
          + suffix = "index.html"
        }

      + routing_rule {
          + condition {
              + http_error_code_returned_equals = (known after apply)
              + key_prefix_equals               = (known after apply)
            }

          + redirect {
              + host_name               = (known after apply)
              + http_redirect_code      = (known after apply)
              + protocol                = (known after apply)
              + replace_key_prefix_with = (known after apply)
              + replace_key_with        = (known after apply)
            }
        }
    }

  # aws_s3_object_copy.this will be created
  + resource "aws_s3_object_copy" "this" {
      + acl                           = "private"
      + bucket                        = (known after apply)
      + bucket_key_enabled            = (known after apply)
      + cache_control                 = (known after apply)
      + content_disposition           = (known after apply)
      + content_encoding              = (known after apply)
      + content_language              = (known after apply)
      + content_type                  = "text/html"
      + customer_algorithm            = (known after apply)
      + customer_key_md5              = (known after apply)
      + etag                          = (known after apply)
      + expiration                    = (known after apply)
      + force_destroy                 = false
      + id                            = (known after apply)
      + key                           = "index.html"
      + kms_encryption_context        = (sensitive value)
      + kms_key_id                    = (sensitive value)
      + last_modified                 = (known after apply)
      + metadata                      = (known after apply)
      + object_lock_legal_hold_status = (known after apply)
      + object_lock_mode              = (known after apply)
      + object_lock_retain_until_date = (known after apply)
      + request_charged               = (known after apply)
      + server_side_encryption        = (known after apply)
      + source                        = "aschemann-gitops-sample-repository-942705247267-us-east-1/index-init.html"
      + source_version_id             = (known after apply)
      + storage_class                 = (known after apply)
      + tags_all                      = (known after apply)
      + version_id                    = (known after apply)
      + website_redirect              = (known after apply)
    }

Plan: 6 to add, 0 to change, 0 to destroy.

─────────────────────────────────────────────────────────────────────────────

Saved the plan to: plan.out

To perform exactly these actions, run the following command to apply:
    terraform apply "plan.out"
::debug::Terraform exited with code 0.
::debug::stdout: data.aws_region.current: Reading...%0Adata.aws_caller_identity.current: Reading...%0Adata.aws_region.current: Read complete after 0s [id=us-east-1]%0Adata.aws_caller_identity.current: Read complete after 0s [id=942705247267]%0A%0ATerraform used the selected providers to generate the following execution%0Aplan. Resource actions are indicated with the following symbols:%0A  + create%0A <= read (data resources)%0A%0ATerraform will perform the following actions:%0A%0A  # data.aws_iam_policy_document.bucket_policy will be read during apply%0A  # (config refers to values not yet known)%0A <= data "aws_iam_policy_document" "bucket_policy" {%0A      + id   = (known after apply)%0A      + json = (known after apply)%0A%0A      + statement {%0A          + actions   = [%0A              + "s3:GetObject",%0A            ]%0A          + effect    = "Allow"%0A          + resources = [%0A              + (known after apply),%0A            ]%0A%0A          + principals {%0A              + identifiers = [%0A                  + "*",%0A                ]%0A              + type        = "AWS"%0A            }%0A        }%0A    }%0A%0A  # aws_s3_bucket.this will be created%0A  + resource "aws_s3_bucket" "this" {%0A      + acceleration_status         = (known after apply)%0A      + acl                         = (known after apply)%0A      + arn                         = (known after apply)%0A      + bucket                      = "aschemann-gitops-sample-942705247267-test-us-east-1"%0A      + bucket_domain_name          = (known after apply)%0A      + bucket_regional_domain_name = (known after apply)%0A      + force_destroy               = false%0A      + hosted_zone_id              = (known after apply)%0A      + id                          = (known after apply)%0A      + object_lock_enabled         = (known after apply)%0A      + policy                      = (known after apply)%0A      + region                      = (known after apply)%0A      + request_payer               = (known after apply)%0A      + tags                        = {%0A          + "Git-Commit" = "unknown"%0A          + "Version"    = "init"%0A        }%0A      + tags_all                    = {%0A          + "Git-Commit" = "unknown"%0A          + "Version"    = "init"%0A        }%0A      + website_domain              = (known after apply)%0A      + website_endpoint            = (known after apply)%0A%0A      + cors_rule {%0A          + allowed_headers = (known after apply)%0A          + allowed_methods = (known after apply)%0A          + allowed_origins = (known after apply)%0A          + expose_headers  = (known after apply)%0A          + max_age_seconds = (known after apply)%0A        }%0A%0A      + grant {%0A          + id          = (known after apply)%0A          + permissions = (known after apply)%0A          + type        = (known after apply)%0A          + uri         = (known after apply)%0A        }%0A%0A      + lifecycle_rule {%0A          + abort_incomplete_multipart_upload_days = (known after apply)%0A          + enabled                                = (known after apply)%0A          + id                                     = (known after apply)%0A          + prefix                                 = (known after apply)%0A          + tags                                   = (known after apply)%0A%0A          + expiration {%0A              + date                         = (known after apply)%0A              + days                         = (known after apply)%0A              + expired_object_delete_marker = (known after apply)%0A            }%0A%0A          + noncurrent_version_expiration {%0A              + days = (known after apply)%0A            }%0A%0A          + noncurrent_version_transition {%0A              + days          = (known after apply)%0A              + storage_class = (known after apply)%0A            }%0A%0A          + transition {%0A              + date          = (known after apply)%0A              + days          = (known after apply)%0A              + storage_class = (known after apply)%0A            }%0A        }%0A%0A      + logging {%0A          + target_bucket = (known after apply)%0A          + target_prefix = (known after apply)%0A        }%0A%0A      + object_lock_configuration {%0A          + object_lock_enabled = (known after apply)%0A%0A          + rule {%0A              + default_retention {%0A                  + days  = (known after apply)%0A                  + mode  = (known after apply)%0A                  + years = (known after apply)%0A                }%0A            }%0A        }%0A%0A      + replication_configuration {%0A          + role = (known after apply)%0A%0A          + rules {%0A              + delete_marker_replication_status = (known after apply)%0A              + id                               = (known after apply)%0A              + prefix                           = (known after apply)%0A              + priority                         = (known after apply)%0A              + status                           = (known after apply)%0A%0A              + destination {%0A                  + account_id         = (known after apply)%0A                  + bucket             = (known after apply)%0A                  + replica_kms_key_id = (known after apply)%0A                  + storage_class      = (known after apply)%0A%0A                  + access_control_translation {%0A                      + owner = (known after apply)%0A                    }%0A%0A                  + metrics {%0A                      + minutes = (known after apply)%0A                      + status  = (known after apply)%0A                    }%0A%0A                  + replication_time {%0A                      + minutes = (known after apply)%0A                      + status  = (known after apply)%0A                    }%0A                }%0A%0A              + filter {%0A                  + prefix = (known after apply)%0A                  + tags   = (known after apply)%0A                }%0A%0A              + source_selection_criteria {%0A                  + sse_kms_encrypted_objects {%0A                      + enabled = (known after apply)%0A                    }%0A                }%0A            }%0A        }%0A%0A      + server_side_encryption_configuration {%0A          + rule {%0A              + bucket_key_enabled = (known after apply)%0A%0A              + apply_server_side_encryption_by_default {%0A                  + kms_master_key_id = (known after apply)%0A                  + sse_algorithm     = (known after apply)%0A                }%0A            }%0A        }%0A%0A      + versioning {%0A          + enabled    = (known after apply)%0A          + mfa_delete = (known after apply)%0A        }%0A%0A      + website {%0A          + error_document           = (known after apply)%0A          + index_document           = (known after apply)%0A          + redirect_all_requests_to = (known after apply)%0A          + routing_rules            = (known after apply)%0A        }%0A    }%0A%0A  # aws_s3_bucket_acl.this will be created%0A  + resource "aws_s3_bucket_acl" "this" {%0A      + acl    = "public-read"%0A      + bucket = (known after apply)%0A      + id     = (known after apply)%0A%0A      + access_control_policy {%0A          + grant {%0A              + permission = (known after apply)%0A%0A              + grantee {%0A                  + display_name  = (known after apply)%0A                  + email_address = (known after apply)%0A                  + id            = (known after apply)%0A                  + type          = (known after apply)%0A                  + uri           = (known after apply)%0A                }%0A            }%0A%0A          + owner {%0A              + display_name = (known after apply)%0A              + id           = (known after apply)%0A            }%0A        }%0A    }%0A%0A  # aws_s3_bucket_policy.bucket_policy will be created%0A  + resource "aws_s3_bucket_policy" "bucket_policy" {%0A      + bucket = (known after apply)%0A      + id     = (known after apply)%0A      + policy = (known after apply)%0A    }%0A%0A  # aws_s3_bucket_versioning.this will be created%0A  + resource "aws_s3_bucket_versioning" "this" {%0A      + bucket = (known after apply)%0A      + id     = (known after apply)%0A%0A      + versioning_configuration {%0A          + mfa_delete = (known after apply)%0A          + status     = "Enabled"%0A        }%0A    }%0A%0A  # aws_s3_bucket_website_configuration.this will be created%0A  + resource "aws_s3_bucket_website_configuration" "this" {%0A      + bucket           = (known after apply)%0A      + id               = (known after apply)%0A      + routing_rules    = (known after apply)%0A      + website_domain   = (known after apply)%0A      + website_endpoint = (known after apply)%0A%0A      + index_document {%0A          + suffix = "index.html"%0A        }%0A%0A      + routing_rule {%0A          + condition {%0A              + http_error_code_returned_equals = (known after apply)%0A              + key_prefix_equals               = (known after apply)%0A            }%0A%0A          + redirect {%0A              + host_name               = (known after apply)%0A              + http_redirect_code      = (known after apply)%0A              + protocol                = (known after apply)%0A              + replace_key_prefix_with = (known after apply)%0A              + replace_key_with        = (known after apply)%0A            }%0A        }%0A    }%0A%0A  # aws_s3_object_copy.this will be created%0A  + resource "aws_s3_object_copy" "this" {%0A      + acl                           = "private"%0A      + bucket                        = (known after apply)%0A      + bucket_key_enabled            = (known after apply)%0A      + cache_control                 = (known after apply)%0A      + content_disposition           = (known after apply)%0A      + content_encoding              = (known after apply)%0A      + content_language              = (known after apply)%0A      + content_type                  = "text/html"%0A      + customer_algorithm            = (known after apply)%0A      + customer_key_md5              = (known after apply)%0A      + etag                          = (known after apply)%0A      + expiration                    = (known after apply)%0A      + force_destroy                 = false%0A      + id                            = (known after apply)%0A      + key                           = "index.html"%0A      + kms_encryption_context        = (sensitive value)%0A      + kms_key_id                    = (sensitive value)%0A      + last_modified                 = (known after apply)%0A      + metadata                      = (known after apply)%0A      + object_lock_legal_hold_status = (known after apply)%0A      + object_lock_mode              = (known after apply)%0A      + object_lock_retain_until_date = (known after apply)%0A      + request_charged               = (known after apply)%0A      + server_side_encryption        = (known after apply)%0A      + source                        = "aschemann-gitops-sample-repository-942705247267-us-east-1/index-init.html"%0A      + source_version_id             = (known after apply)%0A      + storage_class                 = (known after apply)%0A      + tags_all                      = (known after apply)%0A      + version_id                    = (known after apply)%0A      + website_redirect              = (known after apply)%0A    }%0A%0APlan: 6 to add, 0 to change, 0 to destroy.%0A%0A─────────────────────────────────────────────────────────────────────────────%0A%0ASaved the plan to: plan.out%0A%0ATo perform exactly these actions, run the following command to apply:%0A    terraform apply "plan.out"%0A
::debug::stderr: 
::debug::exitcode: 0

::set-output name=stdout::data.aws_region.current: Reading...%0Adata.aws_caller_identity.current: Reading...%0Adata.aws_region.current: Read complete after 0s [id=us-east-1]%0Adata.aws_caller_identity.current: Read complete after 0s [id=942705247267]%0A%0ATerraform used the selected providers to generate the following execution%0Aplan. Resource actions are indicated with the following symbols:%0A  + create%0A <= read (data resources)%0A%0ATerraform will perform the following actions:%0A%0A  # data.aws_iam_policy_document.bucket_policy will be read during apply%0A  # (config refers to values not yet known)%0A <= data "aws_iam_policy_document" "bucket_policy" {%0A      + id   = (known after apply)%0A      + json = (known after apply)%0A%0A      + statement {%0A          + actions   = [%0A              + "s3:GetObject",%0A            ]%0A          + effect    = "Allow"%0A          + resources = [%0A              + (known after apply),%0A            ]%0A%0A          + principals {%0A              + identifiers = [%0A                  + "*",%0A                ]%0A              + type        = "AWS"%0A            }%0A        }%0A    }%0A%0A  # aws_s3_bucket.this will be created%0A  + resource "aws_s3_bucket" "this" {%0A      + acceleration_status         = (known after apply)%0A      + acl                         = (known after apply)%0A      + arn                         = (known after apply)%0A      + bucket                      = "aschemann-gitops-sample-942705247267-test-us-east-1"%0A      + bucket_domain_name          = (known after apply)%0A      + bucket_regional_domain_name = (known after apply)%0A      + force_destroy               = false%0A      + hosted_zone_id              = (known after apply)%0A      + id                          = (known after apply)%0A      + object_lock_enabled         = (known after apply)%0A      + policy                      = (known after apply)%0A      + region                      = (known after apply)%0A      + request_payer               = (known after apply)%0A      + tags                        = {%0A          + "Git-Commit" = "unknown"%0A          + "Version"    = "init"%0A        }%0A      + tags_all                    = {%0A          + "Git-Commit" = "unknown"%0A          + "Version"    = "init"%0A        }%0A      + website_domain              = (known after apply)%0A      + website_endpoint            = (known after apply)%0A%0A      + cors_rule {%0A          + allowed_headers = (known after apply)%0A          + allowed_methods = (known after apply)%0A          + allowed_origins = (known after apply)%0A          + expose_headers  = (known after apply)%0A          + max_age_seconds = (known after apply)%0A        }%0A%0A      + grant {%0A          + id          = (known after apply)%0A          + permissions = (known after apply)%0A          + type        = (known after apply)%0A          + uri         = (known after apply)%0A        }%0A%0A      + lifecycle_rule {%0A          + abort_incomplete_multipart_upload_days = (known after apply)%0A          + enabled                                = (known after apply)%0A          + id                                     = (known after apply)%0A          + prefix                                 = (known after apply)%0A          + tags                                   = (known after apply)%0A%0A          + expiration {%0A              + date                         = (known after apply)%0A              + days                         = (known after apply)%0A              + expired_object_delete_marker = (known after apply)%0A            }%0A%0A          + noncurrent_version_expiration {%0A              + days = (known after apply)%0A            }%0A%0A          + noncurrent_version_transition {%0A              + days          = (known after apply)%0A              + storage_class = (known after apply)%0A            }%0A%0A          + transition {%0A              + date          = (known after apply)%0A              + days          = (known after apply)%0A              + storage_class = (known after apply)%0A            }%0A        }%0A%0A      + logging {%0A          + target_bucket = (known after apply)%0A          + target_prefix = (known after apply)%0A        }%0A%0A      + object_lock_configuration {%0A          + object_lock_enabled = (known after apply)%0A%0A          + rule {%0A              + default_retention {%0A                  + days  = (known after apply)%0A                  + mode  = (known after apply)%0A                  + years = (known after apply)%0A                }%0A            }%0A        }%0A%0A      + replication_configuration {%0A          + role = (known after apply)%0A%0A          + rules {%0A              + delete_marker_replication_status = (known after apply)%0A              + id                               = (known after apply)%0A              + prefix                           = (known after apply)%0A              + priority                         = (known after apply)%0A              + status                           = (known after apply)%0A%0A              + destination {%0A                  + account_id         = (known after apply)%0A                  + bucket             = (known after apply)%0A                  + replica_kms_key_id = (known after apply)%0A                  + storage_class      = (known after apply)%0A%0A                  + access_control_translation {%0A                      + owner = (known after apply)%0A                    }%0A%0A                  + metrics {%0A                      + minutes = (known after apply)%0A                      + status  = (known after apply)%0A                    }%0A%0A                  + replication_time {%0A                      + minutes = (known after apply)%0A                      + status  = (known after apply)%0A                    }%0A                }%0A%0A              + filter {%0A                  + prefix = (known after apply)%0A                  + tags   = (known after apply)%0A                }%0A%0A              + source_selection_criteria {%0A                  + sse_kms_encrypted_objects {%0A                      + enabled = (known after apply)%0A                    }%0A                }%0A            }%0A        }%0A%0A      + server_side_encryption_configuration {%0A          + rule {%0A              + bucket_key_enabled = (known after apply)%0A%0A              + apply_server_side_encryption_by_default {%0A                  + kms_master_key_id = (known after apply)%0A                  + sse_algorithm     = (known after apply)%0A                }%0A            }%0A        }%0A%0A      + versioning {%0A          + enabled    = (known after apply)%0A          + mfa_delete = (known after apply)%0A        }%0A%0A      + website {%0A          + error_document           = (known after apply)%0A          + index_document           = (known after apply)%0A          + redirect_all_requests_to = (known after apply)%0A          + routing_rules            = (known after apply)%0A        }%0A    }%0A%0A  # aws_s3_bucket_acl.this will be created%0A  + resource "aws_s3_bucket_acl" "this" {%0A      + acl    = "public-read"%0A      + bucket = (known after apply)%0A      + id     = (known after apply)%0A%0A      + access_control_policy {%0A          + grant {%0A              + permission = (known after apply)%0A%0A              + grantee {%0A                  + display_name  = (known after apply)%0A                  + email_address = (known after apply)%0A                  + id            = (known after apply)%0A                  + type          = (known after apply)%0A                  + uri           = (known after apply)%0A                }%0A            }%0A%0A          + owner {%0A              + display_name = (known after apply)%0A              + id           = (known after apply)%0A            }%0A        }%0A    }%0A%0A  # aws_s3_bucket_policy.bucket_policy will be created%0A  + resource "aws_s3_bucket_policy" "bucket_policy" {%0A      + bucket = (known after apply)%0A      + id     = (known after apply)%0A      + policy = (known after apply)%0A    }%0A%0A  # aws_s3_bucket_versioning.this will be created%0A  + resource "aws_s3_bucket_versioning" "this" {%0A      + bucket = (known after apply)%0A      + id     = (known after apply)%0A%0A      + versioning_configuration {%0A          + mfa_delete = (known after apply)%0A          + status     = "Enabled"%0A        }%0A    }%0A%0A  # aws_s3_bucket_website_configuration.this will be created%0A  + resource "aws_s3_bucket_website_configuration" "this" {%0A      + bucket           = (known after apply)%0A      + id               = (known after apply)%0A      + routing_rules    = (known after apply)%0A      + website_domain   = (known after apply)%0A      + website_endpoint = (known after apply)%0A%0A      + index_document {%0A          + suffix = "index.html"%0A        }%0A%0A      + routing_rule {%0A          + condition {%0A              + http_error_code_returned_equals = (known after apply)%0A              + key_prefix_equals               = (known after apply)%0A            }%0A%0A          + redirect {%0A              + host_name               = (known after apply)%0A              + http_redirect_code      = (known after apply)%0A              + protocol                = (known after apply)%0A              + replace_key_prefix_with = (known after apply)%0A              + replace_key_with        = (known after apply)%0A            }%0A        }%0A    }%0A%0A  # aws_s3_object_copy.this will be created%0A  + resource "aws_s3_object_copy" "this" {%0A      + acl                           = "private"%0A      + bucket                        = (known after apply)%0A      + bucket_key_enabled            = (known after apply)%0A      + cache_control                 = (known after apply)%0A      + content_disposition           = (known after apply)%0A      + content_encoding              = (known after apply)%0A      + content_language              = (known after apply)%0A      + content_type                  = "text/html"%0A      + customer_algorithm            = (known after apply)%0A      + customer_key_md5              = (known after apply)%0A      + etag                          = (known after apply)%0A      + expiration                    = (known after apply)%0A      + force_destroy                 = false%0A      + id                            = (known after apply)%0A      + key                           = "index.html"%0A      + kms_encryption_context        = (sensitive value)%0A      + kms_key_id                    = (sensitive value)%0A      + last_modified                 = (known after apply)%0A      + metadata                      = (known after apply)%0A      + object_lock_legal_hold_status = (known after apply)%0A      + object_lock_mode              = (known after apply)%0A      + object_lock_retain_until_date = (known after apply)%0A      + request_charged               = (known after apply)%0A      + server_side_encryption        = (known after apply)%0A      + source                        = "aschemann-gitops-sample-repository-942705247267-us-east-1/index-init.html"%0A      + source_version_id             = (known after apply)%0A      + storage_class                 = (known after apply)%0A      + tags_all                      = (known after apply)%0A      + version_id                    = (known after apply)%0A      + website_redirect              = (known after apply)%0A    }%0A%0APlan: 6 to add, 0 to change, 0 to destroy.%0A%0A─────────────────────────────────────────────────────────────────────────────%0A%0ASaved the plan to: plan.out%0A%0ATo perform exactly these actions, run the following command to apply:%0A    terraform apply "plan.out"%0A

::set-output name=stderr::

::set-output name=exitcode::0
