[command]/home/runner/work/_temp/3bd53870-9b0b-451d-93f5-734f3b116bf6/terraform-bin plan -out plan.out -no-color
data.aws_region.current: Reading...
data.aws_caller_identity.current: Reading...
data.aws_region.current: Read complete after 0s [id=us-east-1]
data.aws_caller_identity.current: Read complete after 0s [id=942705247267]
aws_s3_bucket.this: Refreshing state... [id=aschemann-gitops-sample-942705247267-us-east-1]
aws_s3_bucket_website_configuration.this: Refreshing state... [id=aschemann-gitops-sample-942705247267-us-east-1]
aws_s3_bucket_policy.bucket_policy: Refreshing state... [id=aschemann-gitops-sample-942705247267-us-east-1]
aws_s3_bucket_versioning.this: Refreshing state... [id=aschemann-gitops-sample-942705247267-us-east-1]
aws_s3_bucket_acl.this: Refreshing state... [id=aschemann-gitops-sample-942705247267-us-east-1,public-read]

Terraform used the selected providers to generate the following execution
plan. Resource actions are indicated with the following symbols:
  + create
  ~ update in-place
 <= read (data resources)

Terraform will perform the following actions:

  # data.aws_iam_policy_document.bucket_policy will be read during apply
  # (depends on a resource or a module with changes pending)
 <= data "aws_iam_policy_document" "bucket_policy" {
      + id   = (known after apply)
      + json = (known after apply)

      + statement {
          + actions   = [
              + "s3:GetObject",
            ]
          + effect    = "Allow"
          + resources = [
              + "arn:aws:s3:::aschemann-gitops-sample-942705247267-us-east-1/*",
            ]

          + principals {
              + identifiers = [
                  + "*",
                ]
              + type        = "AWS"
            }
        }
    }

  # aws_s3_bucket.this will be updated in-place
  ~ resource "aws_s3_bucket" "this" {
        id                          = "aschemann-gitops-sample-942705247267-us-east-1"
      ~ tags                        = {
          ~ "Version"    = "v1" -> "init"
            # (1 unchanged element hidden)
        }
      ~ tags_all                    = {
          ~ "Version"    = "v1" -> "init"
            # (1 unchanged element hidden)
        }
        # (12 unchanged attributes hidden)

        # (4 unchanged blocks hidden)
    }

  # aws_s3_bucket_policy.bucket_policy will be updated in-place
  ~ resource "aws_s3_bucket_policy" "bucket_policy" {
        id     = "aschemann-gitops-sample-942705247267-us-east-1"
      ~ policy = jsonencode(
            {
              - Statement = [
                  - {
                      - Action    = "s3:GetObject"
                      - Effect    = "Allow"
                      - Principal = {
                          - AWS = "*"
                        }
                      - Resource  = "arn:aws:s3:::aschemann-gitops-sample-942705247267-us-east-1/*"
                      - Sid       = ""
                    },
                ]
              - Version   = "2012-10-17"
            }
        ) -> (known after apply)
        # (1 unchanged attribute hidden)
    }

  # aws_s3_object_copy.this will be created
  + resource "aws_s3_object_copy" "this" {
      + acl                           = "private"
      + bucket                        = "aschemann-gitops-sample-942705247267-us-east-1"
      + bucket_key_enabled            = (known after apply)
      + cache_control                 = (known after apply)
      + content_disposition           = (known after apply)
      + content_encoding              = (known after apply)
      + content_language              = (known after apply)
      + content_type                  = "text/html"
      + customer_algorithm            = (known after apply)
      + customer_key_md5              = (known after apply)
      + etag                          = (known after apply)
      + expiration                    = (known after apply)
      + force_destroy                 = false
      + id                            = (known after apply)
      + key                           = "index.html"
      + kms_encryption_context        = (sensitive value)
      + kms_key_id                    = (sensitive value)
      + last_modified                 = (known after apply)
      + metadata                      = (known after apply)
      + object_lock_legal_hold_status = (known after apply)
      + object_lock_mode              = (known after apply)
      + object_lock_retain_until_date = (known after apply)
      + request_charged               = (known after apply)
      + server_side_encryption        = (known after apply)
      + source                        = "aschemann-gitops-sample-repository-942705247267-us-east-1/index-init.html"
      + source_version_id             = (known after apply)
      + storage_class                 = (known after apply)
      + tags_all                      = (known after apply)
      + version_id                    = (known after apply)
      + website_redirect              = (known after apply)
    }

Plan: 1 to add, 2 to change, 0 to destroy.

─────────────────────────────────────────────────────────────────────────────

Saved the plan to: plan.out

To perform exactly these actions, run the following command to apply:
    terraform apply "plan.out"
::debug::Terraform exited with code 0.
::debug::stdout: data.aws_region.current: Reading...%0Adata.aws_caller_identity.current: Reading...%0Adata.aws_region.current: Read complete after 0s [id=us-east-1]%0Adata.aws_caller_identity.current: Read complete after 0s [id=942705247267]%0Aaws_s3_bucket.this: Refreshing state... [id=aschemann-gitops-sample-942705247267-us-east-1]%0Aaws_s3_bucket_website_configuration.this: Refreshing state... [id=aschemann-gitops-sample-942705247267-us-east-1]%0Aaws_s3_bucket_policy.bucket_policy: Refreshing state... [id=aschemann-gitops-sample-942705247267-us-east-1]%0Aaws_s3_bucket_versioning.this: Refreshing state... [id=aschemann-gitops-sample-942705247267-us-east-1]%0Aaws_s3_bucket_acl.this: Refreshing state... [id=aschemann-gitops-sample-942705247267-us-east-1,public-read]%0A%0ATerraform used the selected providers to generate the following execution%0Aplan. Resource actions are indicated with the following symbols:%0A  + create%0A  ~ update in-place%0A <= read (data resources)%0A%0ATerraform will perform the following actions:%0A%0A  # data.aws_iam_policy_document.bucket_policy will be read during apply%0A  # (depends on a resource or a module with changes pending)%0A <= data "aws_iam_policy_document" "bucket_policy" {%0A      + id   = (known after apply)%0A      + json = (known after apply)%0A%0A      + statement {%0A          + actions   = [%0A              + "s3:GetObject",%0A            ]%0A          + effect    = "Allow"%0A          + resources = [%0A              + "arn:aws:s3:::aschemann-gitops-sample-942705247267-us-east-1/*",%0A            ]%0A%0A          + principals {%0A              + identifiers = [%0A                  + "*",%0A                ]%0A              + type        = "AWS"%0A            }%0A        }%0A    }%0A%0A  # aws_s3_bucket.this will be updated in-place%0A  ~ resource "aws_s3_bucket" "this" {%0A        id                          = "aschemann-gitops-sample-942705247267-us-east-1"%0A      ~ tags                        = {%0A          ~ "Version"    = "v1" -> "init"%0A            # (1 unchanged element hidden)%0A        }%0A      ~ tags_all                    = {%0A          ~ "Version"    = "v1" -> "init"%0A            # (1 unchanged element hidden)%0A        }%0A        # (12 unchanged attributes hidden)%0A%0A        # (4 unchanged blocks hidden)%0A    }%0A%0A  # aws_s3_bucket_policy.bucket_policy will be updated in-place%0A  ~ resource "aws_s3_bucket_policy" "bucket_policy" {%0A        id     = "aschemann-gitops-sample-942705247267-us-east-1"%0A      ~ policy = jsonencode(%0A            {%0A              - Statement = [%0A                  - {%0A                      - Action    = "s3:GetObject"%0A                      - Effect    = "Allow"%0A                      - Principal = {%0A                          - AWS = "*"%0A                        }%0A                      - Resource  = "arn:aws:s3:::aschemann-gitops-sample-942705247267-us-east-1/*"%0A                      - Sid       = ""%0A                    },%0A                ]%0A              - Version   = "2012-10-17"%0A            }%0A        ) -> (known after apply)%0A        # (1 unchanged attribute hidden)%0A    }%0A%0A  # aws_s3_object_copy.this will be created%0A  + resource "aws_s3_object_copy" "this" {%0A      + acl                           = "private"%0A      + bucket                        = "aschemann-gitops-sample-942705247267-us-east-1"%0A      + bucket_key_enabled            = (known after apply)%0A      + cache_control                 = (known after apply)%0A      + content_disposition           = (known after apply)%0A      + content_encoding              = (known after apply)%0A      + content_language              = (known after apply)%0A      + content_type                  = "text/html"%0A      + customer_algorithm            = (known after apply)%0A      + customer_key_md5              = (known after apply)%0A      + etag                          = (known after apply)%0A      + expiration                    = (known after apply)%0A      + force_destroy                 = false%0A      + id                            = (known after apply)%0A      + key                           = "index.html"%0A      + kms_encryption_context        = (sensitive value)%0A      + kms_key_id                    = (sensitive value)%0A      + last_modified                 = (known after apply)%0A      + metadata                      = (known after apply)%0A      + object_lock_legal_hold_status = (known after apply)%0A      + object_lock_mode              = (known after apply)%0A      + object_lock_retain_until_date = (known after apply)%0A      + request_charged               = (known after apply)%0A      + server_side_encryption        = (known after apply)%0A      + source                        = "aschemann-gitops-sample-repository-942705247267-us-east-1/index-init.html"%0A      + source_version_id             = (known after apply)%0A      + storage_class                 = (known after apply)%0A      + tags_all                      = (known after apply)%0A      + version_id                    = (known after apply)%0A      + website_redirect              = (known after apply)%0A    }%0A%0APlan: 1 to add, 2 to change, 0 to destroy.%0A%0A─────────────────────────────────────────────────────────────────────────────%0A%0ASaved the plan to: plan.out%0A%0ATo perform exactly these actions, run the following command to apply:%0A    terraform apply "plan.out"%0A
::debug::stderr: 
::debug::exitcode: 0

::set-output name=stdout::data.aws_region.current: Reading...%0Adata.aws_caller_identity.current: Reading...%0Adata.aws_region.current: Read complete after 0s [id=us-east-1]%0Adata.aws_caller_identity.current: Read complete after 0s [id=942705247267]%0Aaws_s3_bucket.this: Refreshing state... [id=aschemann-gitops-sample-942705247267-us-east-1]%0Aaws_s3_bucket_website_configuration.this: Refreshing state... [id=aschemann-gitops-sample-942705247267-us-east-1]%0Aaws_s3_bucket_policy.bucket_policy: Refreshing state... [id=aschemann-gitops-sample-942705247267-us-east-1]%0Aaws_s3_bucket_versioning.this: Refreshing state... [id=aschemann-gitops-sample-942705247267-us-east-1]%0Aaws_s3_bucket_acl.this: Refreshing state... [id=aschemann-gitops-sample-942705247267-us-east-1,public-read]%0A%0ATerraform used the selected providers to generate the following execution%0Aplan. Resource actions are indicated with the following symbols:%0A  + create%0A  ~ update in-place%0A <= read (data resources)%0A%0ATerraform will perform the following actions:%0A%0A  # data.aws_iam_policy_document.bucket_policy will be read during apply%0A  # (depends on a resource or a module with changes pending)%0A <= data "aws_iam_policy_document" "bucket_policy" {%0A      + id   = (known after apply)%0A      + json = (known after apply)%0A%0A      + statement {%0A          + actions   = [%0A              + "s3:GetObject",%0A            ]%0A          + effect    = "Allow"%0A          + resources = [%0A              + "arn:aws:s3:::aschemann-gitops-sample-942705247267-us-east-1/*",%0A            ]%0A%0A          + principals {%0A              + identifiers = [%0A                  + "*",%0A                ]%0A              + type        = "AWS"%0A            }%0A        }%0A    }%0A%0A  # aws_s3_bucket.this will be updated in-place%0A  ~ resource "aws_s3_bucket" "this" {%0A        id                          = "aschemann-gitops-sample-942705247267-us-east-1"%0A      ~ tags                        = {%0A          ~ "Version"    = "v1" -> "init"%0A            # (1 unchanged element hidden)%0A        }%0A      ~ tags_all                    = {%0A          ~ "Version"    = "v1" -> "init"%0A            # (1 unchanged element hidden)%0A        }%0A        # (12 unchanged attributes hidden)%0A%0A        # (4 unchanged blocks hidden)%0A    }%0A%0A  # aws_s3_bucket_policy.bucket_policy will be updated in-place%0A  ~ resource "aws_s3_bucket_policy" "bucket_policy" {%0A        id     = "aschemann-gitops-sample-942705247267-us-east-1"%0A      ~ policy = jsonencode(%0A            {%0A              - Statement = [%0A                  - {%0A                      - Action    = "s3:GetObject"%0A                      - Effect    = "Allow"%0A                      - Principal = {%0A                          - AWS = "*"%0A                        }%0A                      - Resource  = "arn:aws:s3:::aschemann-gitops-sample-942705247267-us-east-1/*"%0A                      - Sid       = ""%0A                    },%0A                ]%0A              - Version   = "2012-10-17"%0A            }%0A        ) -> (known after apply)%0A        # (1 unchanged attribute hidden)%0A    }%0A%0A  # aws_s3_object_copy.this will be created%0A  + resource "aws_s3_object_copy" "this" {%0A      + acl                           = "private"%0A      + bucket                        = "aschemann-gitops-sample-942705247267-us-east-1"%0A      + bucket_key_enabled            = (known after apply)%0A      + cache_control                 = (known after apply)%0A      + content_disposition           = (known after apply)%0A      + content_encoding              = (known after apply)%0A      + content_language              = (known after apply)%0A      + content_type                  = "text/html"%0A      + customer_algorithm            = (known after apply)%0A      + customer_key_md5              = (known after apply)%0A      + etag                          = (known after apply)%0A      + expiration                    = (known after apply)%0A      + force_destroy                 = false%0A      + id                            = (known after apply)%0A      + key                           = "index.html"%0A      + kms_encryption_context        = (sensitive value)%0A      + kms_key_id                    = (sensitive value)%0A      + last_modified                 = (known after apply)%0A      + metadata                      = (known after apply)%0A      + object_lock_legal_hold_status = (known after apply)%0A      + object_lock_mode              = (known after apply)%0A      + object_lock_retain_until_date = (known after apply)%0A      + request_charged               = (known after apply)%0A      + server_side_encryption        = (known after apply)%0A      + source                        = "aschemann-gitops-sample-repository-942705247267-us-east-1/index-init.html"%0A      + source_version_id             = (known after apply)%0A      + storage_class                 = (known after apply)%0A      + tags_all                      = (known after apply)%0A      + version_id                    = (known after apply)%0A      + website_redirect              = (known after apply)%0A    }%0A%0APlan: 1 to add, 2 to change, 0 to destroy.%0A%0A─────────────────────────────────────────────────────────────────────────────%0A%0ASaved the plan to: plan.out%0A%0ATo perform exactly these actions, run the following command to apply:%0A    terraform apply "plan.out"%0A

::set-output name=stderr::

::set-output name=exitcode::0
